// !$*UTF8*$!
{
	archiveVersion = 1;
	classes = {
	};
	objectVersion = 56;
	objects = {

/* Begin PBXBuildFile section */
		175FEC872962D3EF00E19831 /* GaitSensorApp.swift in Sources */ = {isa = PBXBuildFile; fileRef = 175FEC862962D3EF00E19831 /* GaitSensorApp.swift */; };
		175FEC892962D3EF00E19831 /* ContentView.swift in Sources */ = {isa = PBXBuildFile; fileRef = 175FEC882962D3EF00E19831 /* ContentView.swift */; };
		175FEC8B2962D3F100E19831 /* Assets.xcassets in Resources */ = {isa = PBXBuildFile; fileRef = 175FEC8A2962D3F100E19831 /* Assets.xcassets */; };
		175FEC8E2962D3F100E19831 /* Preview Assets.xcassets in Resources */ = {isa = PBXBuildFile; fileRef = 175FEC8D2962D3F100E19831 /* Preview Assets.xcassets */; };
		175FEC932962D3F100E19831 /* GaitSensor.xcdatamodeld in Sources */ = {isa = PBXBuildFile; fileRef = 175FEC912962D3F100E19831 /* GaitSensor.xcdatamodeld */; };
		175FEC9B2962DA8300E19831 /* Persistent.swift in Sources */ = {isa = PBXBuildFile; fileRef = 175FEC9A2962DA8300E19831 /* Persistent.swift */; };
		175FEC9E2962DB3900E19831 /* DebugView.swift in Sources */ = {isa = PBXBuildFile; fileRef = 175FEC9D2962DB3900E19831 /* DebugView.swift */; };
		175FECA12962DE2F00E19831 /* GaitRecordManager.swift in Sources */ = {isa = PBXBuildFile; fileRef = 175FECA02962DE2F00E19831 /* GaitRecordManager.swift */; };
		175FECA32962DEE100E19831 /* GaitManager.swift in Sources */ = {isa = PBXBuildFile; fileRef = 175FECA22962DEE100E19831 /* GaitManager.swift */; };
		175FECA62962E10500E19831 /* DateUtil.swift in Sources */ = {isa = PBXBuildFile; fileRef = 175FECA52962E10500E19831 /* DateUtil.swift */; };
		175FECAE29631DA300E19831 /* ResultSelectView.swift in Sources */ = {isa = PBXBuildFile; fileRef = 175FECAD29631DA300E19831 /* ResultSelectView.swift */; };
		175FECB029631DDA00E19831 /* ResultListView.swift in Sources */ = {isa = PBXBuildFile; fileRef = 175FECAF29631DDA00E19831 /* ResultListView.swift */; };
		175FECB22963200200E19831 /* SettingView.swift in Sources */ = {isa = PBXBuildFile; fileRef = 175FECB12963200200E19831 /* SettingView.swift */; };
		175FECB4296326CF00E19831 /* ResultView.swift in Sources */ = {isa = PBXBuildFile; fileRef = 175FECB3296326CF00E19831 /* ResultView.swift */; };
		175FECB62963285500E19831 /* GaitExamSettingView.swift in Sources */ = {isa = PBXBuildFile; fileRef = 175FECB52963285500E19831 /* GaitExamSettingView.swift */; };
		175FECB82963286E00E19831 /* GaitExamSelectView.swift in Sources */ = {isa = PBXBuildFile; fileRef = 175FECB72963286E00E19831 /* GaitExamSelectView.swift */; };
		175FECBA296328A600E19831 /* GaitExerciseSettingView.swift in Sources */ = {isa = PBXBuildFile; fileRef = 175FECB9296328A600E19831 /* GaitExerciseSettingView.swift */; };
		175FECBC296329AE00E19831 /* GaitExamView.swift in Sources */ = {isa = PBXBuildFile; fileRef = 175FECBB296329AE00E19831 /* GaitExamView.swift */; };
		175FECBE29632A3B00E19831 /* OtherUtils.swift in Sources */ = {isa = PBXBuildFile; fileRef = 175FECBD29632A3B00E19831 /* OtherUtils.swift */; };
		175FECC0296333B900E19831 /* GaitExerciseView.swift in Sources */ = {isa = PBXBuildFile; fileRef = 175FECBF296333B900E19831 /* GaitExerciseView.swift */; };
		175FECE12963DA6500E19831 /* ResultSequenceView.swift in Sources */ = {isa = PBXBuildFile; fileRef = 175FECE02963DA6500E19831 /* ResultSequenceView.swift */; };
		175FECE42964490700E19831 /* FileManager.swift in Sources */ = {isa = PBXBuildFile; fileRef = 175FECE32964490700E19831 /* FileManager.swift */; };
/* End PBXBuildFile section */

/* Begin PBXFileReference section */
		175FEC832962D3EF00E19831 /* GaitSensor.app */ = {isa = PBXFileReference; explicitFileType = wrapper.application; includeInIndex = 0; path = GaitSensor.app; sourceTree = BUILT_PRODUCTS_DIR; };
		175FEC862962D3EF00E19831 /* GaitSensorApp.swift */ = {isa = PBXFileReference; lastKnownFileType = sourcecode.swift; path = GaitSensorApp.swift; sourceTree = "<group>"; };
		175FEC882962D3EF00E19831 /* ContentView.swift */ = {isa = PBXFileReference; lastKnownFileType = sourcecode.swift; path = ContentView.swift; sourceTree = "<group>"; };
		175FEC8A2962D3F100E19831 /* Assets.xcassets */ = {isa = PBXFileReference; lastKnownFileType = folder.assetcatalog; path = Assets.xcassets; sourceTree = "<group>"; };
		175FEC8D2962D3F100E19831 /* Preview Assets.xcassets */ = {isa = PBXFileReference; lastKnownFileType = folder.assetcatalog; path = "Preview Assets.xcassets"; sourceTree = "<group>"; };
		175FEC922962D3F100E19831 /* GaitSensor.xcdatamodel */ = {isa = PBXFileReference; lastKnownFileType = wrapper.xcdatamodel; path = GaitSensor.xcdatamodel; sourceTree = "<group>"; };
		175FEC9A2962DA8300E19831 /* Persistent.swift */ = {isa = PBXFileReference; lastKnownFileType = sourcecode.swift; path = Persistent.swift; sourceTree = "<group>"; };
		175FEC9D2962DB3900E19831 /* DebugView.swift */ = {isa = PBXFileReference; lastKnownFileType = sourcecode.swift; path = DebugView.swift; sourceTree = "<group>"; };
		175FECA02962DE2F00E19831 /* GaitRecordManager.swift */ = {isa = PBXFileReference; lastKnownFileType = sourcecode.swift; path = GaitRecordManager.swift; sourceTree = "<group>"; };
		175FECA22962DEE100E19831 /* GaitManager.swift */ = {isa = PBXFileReference; lastKnownFileType = sourcecode.swift; path = GaitManager.swift; sourceTree = "<group>"; };
		175FECA52962E10500E19831 /* DateUtil.swift */ = {isa = PBXFileReference; lastKnownFileType = sourcecode.swift; path = DateUtil.swift; sourceTree = "<group>"; };
		175FECAD29631DA300E19831 /* ResultSelectView.swift */ = {isa = PBXFileReference; lastKnownFileType = sourcecode.swift; path = ResultSelectView.swift; sourceTree = "<group>"; };
		175FECAF29631DDA00E19831 /* ResultListView.swift */ = {isa = PBXFileReference; lastKnownFileType = sourcecode.swift; path = ResultListView.swift; sourceTree = "<group>"; };
		175FECB12963200200E19831 /* SettingView.swift */ = {isa = PBXFileReference; lastKnownFileType = sourcecode.swift; path = SettingView.swift; sourceTree = "<group>"; };
		175FECB3296326CF00E19831 /* ResultView.swift */ = {isa = PBXFileReference; lastKnownFileType = sourcecode.swift; path = ResultView.swift; sourceTree = "<group>"; };
		175FECB52963285500E19831 /* GaitExamSettingView.swift */ = {isa = PBXFileReference; lastKnownFileType = sourcecode.swift; path = GaitExamSettingView.swift; sourceTree = "<group>"; };
		175FECB72963286E00E19831 /* GaitExamSelectView.swift */ = {isa = PBXFileReference; lastKnownFileType = sourcecode.swift; path = GaitExamSelectView.swift; sourceTree = "<group>"; };
		175FECB9296328A600E19831 /* GaitExerciseSettingView.swift */ = {isa = PBXFileReference; lastKnownFileType = sourcecode.swift; path = GaitExerciseSettingView.swift; sourceTree = "<group>"; };
		175FECBB296329AE00E19831 /* GaitExamView.swift */ = {isa = PBXFileReference; lastKnownFileType = sourcecode.swift; path = GaitExamView.swift; sourceTree = "<group>"; };
		175FECBD29632A3B00E19831 /* OtherUtils.swift */ = {isa = PBXFileReference; lastKnownFileType = sourcecode.swift; path = OtherUtils.swift; sourceTree = "<group>"; };
		175FECBF296333B900E19831 /* GaitExerciseView.swift */ = {isa = PBXFileReference; lastKnownFileType = sourcecode.swift; path = GaitExerciseView.swift; sourceTree = "<group>"; };
		175FECE02963DA6500E19831 /* ResultSequenceView.swift */ = {isa = PBXFileReference; lastKnownFileType = sourcecode.swift; path = ResultSequenceView.swift; sourceTree = "<group>"; };
		175FECE2296409B200E19831 /* Info.plist */ = {isa = PBXFileReference; lastKnownFileType = text.plist; path = Info.plist; sourceTree = "<group>"; };
		175FECE32964490700E19831 /* FileManager.swift */ = {isa = PBXFileReference; lastKnownFileType = sourcecode.swift; path = FileManager.swift; sourceTree = "<group>"; };
/* End PBXFileReference section */

/* Begin PBXFrameworksBuildPhase section */
		175FEC802962D3EF00E19831 /* Frameworks */ = {
			isa = PBXFrameworksBuildPhase;
			buildActionMask = 2147483647;
			files = (
			);
			runOnlyForDeploymentPostprocessing = 0;
		};
/* End PBXFrameworksBuildPhase section */

/* Begin PBXGroup section */
		175FEC7A2962D3EF00E19831 = {
			isa = PBXGroup;
			children = (
				175FEC852962D3EF00E19831 /* GaitSensor */,
				175FEC842962D3EF00E19831 /* Products */,
			);
			sourceTree = "<group>";
		};
		175FEC842962D3EF00E19831 /* Products */ = {
			isa = PBXGroup;
			children = (
				175FEC832962D3EF00E19831 /* GaitSensor.app */,
			);
			name = Products;
			sourceTree = "<group>";
		};
		175FEC852962D3EF00E19831 /* GaitSensor */ = {
			isa = PBXGroup;
			children = (
				175FECE2296409B200E19831 /* Info.plist */,
				175FECA42962E0F600E19831 /* Utils */,
				175FEC9F2962DDF900E19831 /* Models */,
				175FEC9C2962DAC000E19831 /* Views */,
				175FEC992962D84200E19831 /* Databases */,
				175FEC862962D3EF00E19831 /* GaitSensorApp.swift */,
				175FEC8A2962D3F100E19831 /* Assets.xcassets */,
				175FEC8C2962D3F100E19831 /* Preview Content */,
			);
			path = GaitSensor;
			sourceTree = "<group>";
		};
		175FEC8C2962D3F100E19831 /* Preview Content */ = {
			isa = PBXGroup;
			children = (
				175FEC8D2962D3F100E19831 /* Preview Assets.xcassets */,
			);
			path = "Preview Content";
			sourceTree = "<group>";
		};
		175FEC992962D84200E19831 /* Databases */ = {
			isa = PBXGroup;
			children = (
				175FEC912962D3F100E19831 /* GaitSensor.xcdatamodeld */,
				175FEC9A2962DA8300E19831 /* Persistent.swift */,
			);
			path = Databases;
			sourceTree = "<group>";
		};
		175FEC9C2962DAC000E19831 /* Views */ = {
			isa = PBXGroup;
			children = (
				175FECAC29631D7200E19831 /* GaitExcercise */,
				175FECAB29631D6100E19831 /* GaitExam */,
				175FECAA29631D5C00E19831 /* Setting */,
				175FECA929631D5600E19831 /* Result */,
				175FEC882962D3EF00E19831 /* ContentView.swift */,
				175FEC9D2962DB3900E19831 /* DebugView.swift */,
			);
			path = Views;
			sourceTree = "<group>";
		};
		175FEC9F2962DDF900E19831 /* Models */ = {
			isa = PBXGroup;
			children = (
				175FECA02962DE2F00E19831 /* GaitRecordManager.swift */,
				175FECA22962DEE100E19831 /* GaitManager.swift */,
				175FECE32964490700E19831 /* FileManager.swift */,
			);
			path = Models;
			sourceTree = "<group>";
		};
		175FECA42962E0F600E19831 /* Utils */ = {
			isa = PBXGroup;
			children = (
				175FECA52962E10500E19831 /* DateUtil.swift */,
				175FECBD29632A3B00E19831 /* OtherUtils.swift */,
			);
			path = Utils;
			sourceTree = "<group>";
		};
		175FECA929631D5600E19831 /* Result */ = {
			isa = PBXGroup;
			children = (
				175FECAD29631DA300E19831 /* ResultSelectView.swift */,
				175FECAF29631DDA00E19831 /* ResultListView.swift */,
				175FECB3296326CF00E19831 /* ResultView.swift */,
				175FECE02963DA6500E19831 /* ResultSequenceView.swift */,
			);
			path = Result;
			sourceTree = "<group>";
		};
		175FECAA29631D5C00E19831 /* Setting */ = {
			isa = PBXGroup;
			children = (
				175FECB12963200200E19831 /* SettingView.swift */,
			);
			path = Setting;
			sourceTree = "<group>";
		};
		175FECAB29631D6100E19831 /* GaitExam */ = {
			isa = PBXGroup;
			children = (
				175FECB72963286E00E19831 /* GaitExamSelectView.swift */,
				175FECB52963285500E19831 /* GaitExamSettingView.swift */,
				175FECBB296329AE00E19831 /* GaitExamView.swift */,
			);
			path = GaitExam;
			sourceTree = "<group>";
		};
		175FECAC29631D7200E19831 /* GaitExcercise */ = {
			isa = PBXGroup;
			children = (
				175FECB9296328A600E19831 /* GaitExerciseSettingView.swift */,
				175FECBF296333B900E19831 /* GaitExerciseView.swift */,
			);
			path = GaitExcercise;
			sourceTree = "<group>";
		};
/* End PBXGroup section */

/* Begin PBXNativeTarget section */
		175FEC822962D3EF00E19831 /* GaitSensor */ = {
			isa = PBXNativeTarget;
			buildConfigurationList = 175FEC962962D3F100E19831 /* Build configuration list for PBXNativeTarget "GaitSensor" */;
			buildPhases = (
				175FEC7F2962D3EF00E19831 /* Sources */,
				175FEC802962D3EF00E19831 /* Frameworks */,
				175FEC812962D3EF00E19831 /* Resources */,
			);
			buildRules = (
			);
			dependencies = (
			);
			name = GaitSensor;
			productName = GaitSensor;
			productReference = 175FEC832962D3EF00E19831 /* GaitSensor.app */;
			productType = "com.apple.product-type.application";
		};
/* End PBXNativeTarget section */

/* Begin PBXProject section */
		175FEC7B2962D3EF00E19831 /* Project object */ = {
			isa = PBXProject;
			attributes = {
				BuildIndependentTargetsInParallel = 1;
				LastSwiftUpdateCheck = 1420;
				LastUpgradeCheck = 1420;
				TargetAttributes = {
					175FEC822962D3EF00E19831 = {
						CreatedOnToolsVersion = 14.2;
					};
				};
			};
			buildConfigurationList = 175FEC7E2962D3EF00E19831 /* Build configuration list for PBXProject "GaitSensor" */;
			compatibilityVersion = "Xcode 14.0";
			developmentRegion = en;
			hasScannedForEncodings = 0;
			knownRegions = (
				en,
				Base,
			);
			mainGroup = 175FEC7A2962D3EF00E19831;
			productRefGroup = 175FEC842962D3EF00E19831 /* Products */;
			projectDirPath = "";
			projectRoot = "";
			targets = (
				175FEC822962D3EF00E19831 /* GaitSensor */,
			);
		};
/* End PBXProject section */

/* Begin PBXResourcesBuildPhase section */
		175FEC812962D3EF00E19831 /* Resources */ = {
			isa = PBXResourcesBuildPhase;
			buildActionMask = 2147483647;
			files = (
				175FEC8E2962D3F100E19831 /* Preview Assets.xcassets in Resources */,
				175FEC8B2962D3F100E19831 /* Assets.xcassets in Resources */,
			);
			runOnlyForDeploymentPostprocessing = 0;
		};
/* End PBXResourcesBuildPhase section */

/* Begin PBXSourcesBuildPhase section */
		175FEC7F2962D3EF00E19831 /* Sources */ = {
			isa = PBXSourcesBuildPhase;
			buildActionMask = 2147483647;
			files = (
				175FEC9B2962DA8300E19831 /* Persistent.swift in Sources */,
				175FECA12962DE2F00E19831 /* GaitRecordManager.swift in Sources */,
				175FEC9E2962DB3900E19831 /* DebugView.swift in Sources */,
				175FECC0296333B900E19831 /* GaitExerciseView.swift in Sources */,
				175FECB029631DDA00E19831 /* ResultListView.swift in Sources */,
				175FECA32962DEE100E19831 /* GaitManager.swift in Sources */,
				175FECBE29632A3B00E19831 /* OtherUtils.swift in Sources */,
				175FECB4296326CF00E19831 /* ResultView.swift in Sources */,
				175FECBA296328A600E19831 /* GaitExerciseSettingView.swift in Sources */,
				175FEC892962D3EF00E19831 /* ContentView.swift in Sources */,
				175FECBC296329AE00E19831 /* GaitExamView.swift in Sources */,
				175FECE12963DA6500E19831 /* ResultSequenceView.swift in Sources */,
				175FECA62962E10500E19831 /* DateUtil.swift in Sources */,
				175FECB82963286E00E19831 /* GaitExamSelectView.swift in Sources */,
				175FEC932962D3F100E19831 /* GaitSensor.xcdatamodeld in Sources */,
				175FECE42964490700E19831 /* FileManager.swift in Sources */,
				175FECAE29631DA300E19831 /* ResultSelectView.swift in Sources */,
				175FEC872962D3EF00E19831 /* GaitSensorApp.swift in Sources */,
				175FECB22963200200E19831 /* SettingView.swift in Sources */,
				175FECB62963285500E19831 /* GaitExamSettingView.swift in Sources */,
			);
			runOnlyForDeploymentPostprocessing = 0;
		};
/* End PBXSourcesBuildPhase section */

/* Begin XCBuildConfiguration section */
		175FEC942962D3F100E19831 /* Debug */ = {
			isa = XCBuildConfiguration;
			buildSettings = {
				ALWAYS_SEARCH_USER_PATHS = NO;
				CLANG_ANALYZER_NONNULL = YES;
				CLANG_ANALYZER_NUMBER_OBJECT_CONVERSION = YES_AGGRESSIVE;
				CLANG_CXX_LANGUAGE_STANDARD = "gnu++20";
				CLANG_ENABLE_MODULES = YES;
				CLANG_ENABLE_OBJC_ARC = YES;
				CLANG_ENABLE_OBJC_WEAK = YES;
				CLANG_WARN_BLOCK_CAPTURE_AUTORELEASING = YES;
				CLANG_WARN_BOOL_CONVERSION = YES;
				CLANG_WARN_COMMA = YES;
				CLANG_WARN_CONSTANT_CONVERSION = YES;
				CLANG_WARN_DEPRECATED_OBJC_IMPLEMENTATIONS = YES;
				CLANG_WARN_DIRECT_OBJC_ISA_USAGE = YES_ERROR;
				CLANG_WARN_DOCUMENTATION_COMMENTS = YES;
				CLANG_WARN_EMPTY_BODY = YES;
				CLANG_WARN_ENUM_CONVERSION = YES;
				CLANG_WARN_INFINITE_RECURSION = YES;
				CLANG_WARN_INT_CONVERSION = YES;
				CLANG_WARN_NON_LITERAL_NULL_CONVERSION = YES;
				CLANG_WARN_OBJC_IMPLICIT_RETAIN_SELF = YES;
				CLANG_WARN_OBJC_LITERAL_CONVERSION = YES;
				CLANG_WARN_OBJC_ROOT_CLASS = YES_ERROR;
				CLANG_WARN_QUOTED_INCLUDE_IN_FRAMEWORK_HEADER = YES;
				CLANG_WARN_RANGE_LOOP_ANALYSIS = YES;
				CLANG_WARN_STRICT_PROTOTYPES = YES;
				CLANG_WARN_SUSPICIOUS_MOVE = YES;
				CLANG_WARN_UNGUARDED_AVAILABILITY = YES_AGGRESSIVE;
				CLANG_WARN_UNREACHABLE_CODE = YES;
				CLANG_WARN__DUPLICATE_METHOD_MATCH = YES;
				COPY_PHASE_STRIP = NO;
				DEBUG_INFORMATION_FORMAT = dwarf;
				ENABLE_STRICT_OBJC_MSGSEND = YES;
				ENABLE_TESTABILITY = YES;
				GCC_C_LANGUAGE_STANDARD = gnu11;
				GCC_DYNAMIC_NO_PIC = NO;
				GCC_NO_COMMON_BLOCKS = YES;
				GCC_OPTIMIZATION_LEVEL = 0;
				GCC_PREPROCESSOR_DEFINITIONS = (
					"DEBUG=1",
					"$(inherited)",
				);
				GCC_WARN_64_TO_32_BIT_CONVERSION = YES;
				GCC_WARN_ABOUT_RETURN_TYPE = YES_ERROR;
				GCC_WARN_UNDECLARED_SELECTOR = YES;
				GCC_WARN_UNINITIALIZED_AUTOS = YES_AGGRESSIVE;
				GCC_WARN_UNUSED_FUNCTION = YES;
				GCC_WARN_UNUSED_VARIABLE = YES;
				IPHONEOS_DEPLOYMENT_TARGET = 16.0;
				MTL_ENABLE_DEBUG_INFO = INCLUDE_SOURCE;
				MTL_FAST_MATH = YES;
				ONLY_ACTIVE_ARCH = YES;
				SDKROOT = iphoneos;
				SWIFT_ACTIVE_COMPILATION_CONDITIONS = DEBUG;
				SWIFT_OPTIMIZATION_LEVEL = "-Onone";
			};
			name = Debug;
		};
		175FEC952962D3F100E19831 /* Release */ = {
			isa = XCBuildConfiguration;
			buildSettings = {
				ALWAYS_SEARCH_USER_PATHS = NO;
				CLANG_ANALYZER_NONNULL = YES;
				CLANG_ANALYZER_NUMBER_OBJECT_CONVERSION = YES_AGGRESSIVE;
				CLANG_CXX_LANGUAGE_STANDARD = "gnu++20";
				CLANG_ENABLE_MODULES = YES;
				CLANG_ENABLE_OBJC_ARC = YES;
				CLANG_ENABLE_OBJC_WEAK = YES;
				CLANG_WARN_BLOCK_CAPTURE_AUTORELEASING = YES;
				CLANG_WARN_BOOL_CONVERSION = YES;
				CLANG_WARN_COMMA = YES;
				CLANG_WARN_CONSTANT_CONVERSION = YES;
				CLANG_WARN_DEPRECATED_OBJC_IMPLEMENTATIONS = YES;
				CLANG_WARN_DIRECT_OBJC_ISA_USAGE = YES_ERROR;
				CLANG_WARN_DOCUMENTATION_COMMENTS = YES;
				CLANG_WARN_EMPTY_BODY = YES;
				CLANG_WARN_ENUM_CONVERSION = YES;
				CLANG_WARN_INFINITE_RECURSION = YES;
				CLANG_WARN_INT_CONVERSION = YES;
				CLANG_WARN_NON_LITERAL_NULL_CONVERSION = YES;
				CLANG_WARN_OBJC_IMPLICIT_RETAIN_SELF = YES;
				CLANG_WARN_OBJC_LITERAL_CONVERSION = YES;
				CLANG_WARN_OBJC_ROOT_CLASS = YES_ERROR;
				CLANG_WARN_QUOTED_INCLUDE_IN_FRAMEWORK_HEADER = YES;
				CLANG_WARN_RANGE_LOOP_ANALYSIS = YES;
				CLANG_WARN_STRICT_PROTOTYPES = YES;
				CLANG_WARN_SUSPICIOUS_MOVE = YES;
				CLANG_WARN_UNGUARDED_AVAILABILITY = YES_AGGRESSIVE;
				CLANG_WARN_UNREACHABLE_CODE = YES;
				CLANG_WARN__DUPLICATE_METHOD_MATCH = YES;
				COPY_PHASE_STRIP = NO;
				DEBUG_INFORMATION_FORMAT = "dwarf-with-dsym";
				ENABLE_NS_ASSERTIONS = NO;
				ENABLE_STRICT_OBJC_MSGSEND = YES;
				GCC_C_LANGUAGE_STANDARD = gnu11;
				GCC_NO_COMMON_BLOCKS = YES;
				GCC_WARN_64_TO_32_BIT_CONVERSION = YES;
				GCC_WARN_ABOUT_RETURN_TYPE = YES_ERROR;
				GCC_WARN_UNDECLARED_SELECTOR = YES;
				GCC_WARN_UNINITIALIZED_AUTOS = YES_AGGRESSIVE;
				GCC_WARN_UNUSED_FUNCTION = YES;
				GCC_WARN_UNUSED_VARIABLE = YES;
				IPHONEOS_DEPLOYMENT_TARGET = 16.0;
				MTL_ENABLE_DEBUG_INFO = NO;
				MTL_FAST_MATH = YES;
				SDKROOT = iphoneos;
				SWIFT_COMPILATION_MODE = wholemodule;
				SWIFT_OPTIMIZATION_LEVEL = "-O";
				VALIDATE_PRODUCT = YES;
			};
			name = Release;
		};
		175FEC972962D3F100E19831 /* Debug */ = {
			isa = XCBuildConfiguration;
			buildSettings = {
				ASSETCATALOG_COMPILER_APPICON_NAME = AppIcon;
				ASSETCATALOG_COMPILER_GLOBAL_ACCENT_COLOR_NAME = AccentColor;
				CODE_SIGN_STYLE = Automatic;
				CURRENT_PROJECT_VERSION = 1;
				DEVELOPMENT_ASSET_PATHS = "\"GaitSensor/Preview Content\"";
				DEVELOPMENT_TEAM = QUYRZ8YY36;
				ENABLE_PREVIEWS = YES;
				GENERATE_INFOPLIST_FILE = YES;
				INFOPLIST_FILE = GaitSensor/Info.plist;
				INFOPLIST_KEY_LSSupportsOpeningDocumentsInPlace = YES;
				INFOPLIST_KEY_NSMotionUsageDescription = "歩数や移動距離の取得に使用されます";
				INFOPLIST_KEY_UIApplicationSceneManifest_Generation = YES;
				INFOPLIST_KEY_UIApplicationSupportsIndirectInputEvents = YES;
				INFOPLIST_KEY_UILaunchScreen_Generation = YES;
				INFOPLIST_KEY_UISupportedInterfaceOrientations_iPad = "UIInterfaceOrientationPortrait UIInterfaceOrientationPortraitUpsideDown UIInterfaceOrientationLandscapeLeft UIInterfaceOrientationLandscapeRight";
				INFOPLIST_KEY_UISupportedInterfaceOrientations_iPhone = "UIInterfaceOrientationPortrait UIInterfaceOrientationLandscapeLeft UIInterfaceOrientationLandscapeRight";
				IPHONEOS_DEPLOYMENT_TARGET = 16.0;
				LD_RUNPATH_SEARCH_PATHS = (
					"$(inherited)",
					"@executable_path/Frameworks",
				);
				MARKETING_VERSION = 1.0;
				PRODUCT_BUNDLE_IDENTIFIER = com.TatsuyaMizuguchi.GaitSensor;
				PRODUCT_NAME = "$(TARGET_NAME)";
				SWIFT_EMIT_LOC_STRINGS = YES;
				SWIFT_VERSION = 5.0;
				TARGETED_DEVICE_FAMILY = "1,2";
			};
			name = Debug;
		};
		175FEC982962D3F100E19831 /* Release */ = {
			isa = XCBuildConfiguration;
			buildSettings = {
				ASSETCATALOG_COMPILER_APPICON_NAME = AppIcon;
				ASSETCATALOG_COMPILER_GLOBAL_ACCENT_COLOR_NAME = AccentColor;
				CODE_SIGN_STYLE = Automatic;
				CURRENT_PROJECT_VERSION = 1;
				DEVELOPMENT_ASSET_PATHS = "\"GaitSensor/Preview Content\"";
				DEVELOPMENT_TEAM = QUYRZ8YY36;
				ENABLE_PREVIEWS = YES;
				GENERATE_INFOPLIST_FILE = YES;
				INFOPLIST_FILE = GaitSensor/Info.plist;
				INFOPLIST_KEY_LSSupportsOpeningDocumentsInPlace = YES;
				INFOPLIST_KEY_NSMotionUsageDescription = "歩数や移動距離の取得に使用されます";
				INFOPLIST_KEY_UIApplicationSceneManifest_Generation = YES;
				INFOPLIST_KEY_UIApplicationSupportsIndirectInputEvents = YES;
				INFOPLIST_KEY_UILaunchScreen_Generation = YES;
				INFOPLIST_KEY_UISupportedInterfaceOrientations_iPad = "UIInterfaceOrientationPortrait UIInterfaceOrientationPortraitUpsideDown UIInterfaceOrientationLandscapeLeft UIInterfaceOrientationLandscapeRight";
				INFOPLIST_KEY_UISupportedInterfaceOrientations_iPhone = "UIInterfaceOrientationPortrait UIInterfaceOrientationLandscapeLeft UIInterfaceOrientationLandscapeRight";
				IPHONEOS_DEPLOYMENT_TARGET = 16.0;
				LD_RUNPATH_SEARCH_PATHS = (
					"$(inherited)",
					"@executable_path/Frameworks",
				);
				MARKETING_VERSION = 1.0;
				PRODUCT_BUNDLE_IDENTIFIER = com.TatsuyaMizuguchi.GaitSensor;
				PRODUCT_NAME = "$(TARGET_NAME)";
				SWIFT_EMIT_LOC_STRINGS = YES;
				SWIFT_VERSION = 5.0;
				TARGETED_DEVICE_FAMILY = "1,2";
			};
			name = Release;
		};
/* End XCBuildConfiguration section */

/* Begin XCConfigurationList section */
		175FEC7E2962D3EF00E19831 /* Build configuration list for PBXProject "GaitSensor" */ = {
			isa = XCConfigurationList;
			buildConfigurations = (
				175FEC942962D3F100E19831 /* Debug */,
				175FEC952962D3F100E19831 /* Release */,
			);
			defaultConfigurationIsVisible = 0;
			defaultConfigurationName = Release;
		};
		175FEC962962D3F100E19831 /* Build configuration list for PBXNativeTarget "GaitSensor" */ = {
			isa = XCConfigurationList;
			buildConfigurations = (
				175FEC972962D3F100E19831 /* Debug */,
				175FEC982962D3F100E19831 /* Release */,
			);
			defaultConfigurationIsVisible = 0;
			defaultConfigurationName = Release;
		};
/* End XCConfigurationList section */

/* Begin XCVersionGroup section */
		175FEC912962D3F100E19831 /* GaitSensor.xcdatamodeld */ = {
			isa = XCVersionGroup;
			children = (
				175FEC922962D3F100E19831 /* GaitSensor.xcdatamodel */,
			);
			currentVersion = 175FEC922962D3F100E19831 /* GaitSensor.xcdatamodel */;
			path = GaitSensor.xcdatamodeld;
			sourceTree = "<group>";
			versionGroupType = wrapper.xcdatamodel;
		};
/* End XCVersionGroup section */
	};
	rootObject = 175FEC7B2962D3EF00E19831 /* Project object */;
}
